
Microsoft Visual Studio Solution File, Format Version 12.00
# Visual Studio Version 17
VisualStudioVersion = 17.6.33829.357
MinimumVisualStudioVersion = 10.0.40219.1
Project("{FAE04EC0-301F-11D3-BF4B-00C04F79EFBC}") = "Contest8_Try_Catch", "Contest8_Try_Catch\Contest8_Try_Catch.csproj", "{7AA7B7A5-8DCB-440B-8A98-C23F16BF5FAC}"
EndProject
Global
	GlobalSection(SolutionConfigurationPlatforms) = preSolution
		Debug|Any CPU = Debug|Any CPU
		Release|Any CPU = Release|Any CPU
	EndGlobalSection
	GlobalSection(ProjectConfigurationPlatforms) = postSolution
		{7AA7B7A5-8DCB-440B-8A98-C23F16BF5FAC}.Debug|Any CPU.ActiveCfg = Debug|Any CPU
		{7AA7B7A5-8DCB-440B-8A98-C23F16BF5FAC}.Debug|Any CPU.Build.0 = Debug|Any CPU
		{7AA7B7A5-8DCB-440B-8A98-C23F16BF5FAC}.Release|Any CPU.ActiveCfg = Release|Any CPU
		{7AA7B7A5-8DCB-440B-8A98-C23F16BF5FAC}.Release|Any CPU.Build.0 = Release|Any CPU
	EndGlobalSection
	GlobalSection(SolutionProperties) = preSolution
		HideSolutionNode = FALSE
	EndGlobalSection
	GlobalSection(ExtensibilityGlobals) = postSolution
		SolutionGuid = {7E418F08-BD82-4DA4-9117-11FE0DB017EF}
	EndGlobalSection
EndGlobal
